
Microsoft Visual Studio Solution File, Format Version 11.00
# Visual Studio 2010
Project("{E24C65DC-7377-472B-9ABA-BC803B73C61A}") = "KentLakeFalconsBasketball", "http://localhost/KentLakeFalconsBasketball", "{24B6978C-2D10-4C87-9FBA-9A766C34FC90}"
	ProjectSection(WebsiteProperties) = preProject
		UseIISExpress = "false"
		TargetFrameworkMoniker = ".NETFramework,Version%3Dv2.0"
		Debug.AspNetCompiler.VirtualPath = "/KentLakeFalconsBasketball"
		Debug.AspNetCompiler.PhysicalPath = "..\Kentlake BB Site\"
		Debug.AspNetCompiler.TargetPath = "PrecompiledWeb\KentLakeFalconsBasketball\"
		Debug.AspNetCompiler.Updateable = "true"
		Debug.AspNetCompiler.ForceOverwrite = "true"
		Debug.AspNetCompiler.FixedNames = "false"
		Debug.AspNetCompiler.Debug = "True"
		Release.AspNetCompiler.VirtualPath = "/KentLakeFalconsBasketball"
		Release.AspNetCompiler.PhysicalPath = "..\Kentlake BB Site\"
		Release.AspNetCompiler.TargetPath = "PrecompiledWeb\KentLakeFalconsBasketball\"
		Release.AspNetCompiler.Updateable = "true"
		Release.AspNetCompiler.ForceOverwrite = "true"
		Release.AspNetCompiler.FixedNames = "false"
		Release.AspNetCompiler.Debug = "False"
		SlnRelativePath = "..\..\..\Kentlake BB Site\"
	EndProjectSection
EndProject
Global
	GlobalSection(SolutionConfigurationPlatforms) = preSolution
		Debug|Any CPU = Debug|Any CPU
		Release|Any CPU = Release|Any CPU
	EndGlobalSection
	GlobalSection(ProjectConfigurationPlatforms) = postSolution
		{24B6978C-2D10-4C87-9FBA-9A766C34FC90}.Debug|Any CPU.ActiveCfg = Debug|Any CPU
		{24B6978C-2D10-4C87-9FBA-9A766C34FC90}.Debug|Any CPU.Build.0 = Debug|Any CPU
		{24B6978C-2D10-4C87-9FBA-9A766C34FC90}.Release|Any CPU.ActiveCfg = Debug|Any CPU
		{24B6978C-2D10-4C87-9FBA-9A766C34FC90}.Release|Any CPU.Build.0 = Debug|Any CPU
	EndGlobalSection
	GlobalSection(SolutionProperties) = preSolution
		HideSolutionNode = FALSE
	EndGlobalSection
EndGlobal
